
Microsoft Visual Studio Solution File, Format Version 12.00
# Visual Studio Version 17
VisualStudioVersion = 17.0.31903.59
MinimumVisualStudioVersion = 10.0.40219.1
Project("{9A19103F-16F7-4668-BE54-9A1E7A4F7556}") = "Order.Domain", "Order.Domain\Order.Domain.csproj", "{61967271-7DEB-4D46-A631-C0C3451003BA}"
EndProject
Project("{9A19103F-16F7-4668-BE54-9A1E7A4F7556}") = "Order.Application", "Order.Application\Order.Application.csproj", "{1672BB4B-17A2-4A78-8EB7-96A57C9612B0}"
EndProject
Project("{9A19103F-16F7-4668-BE54-9A1E7A4F7556}") = "Order.Infrastructure", "Order.Infrastructure\Order.Infrastructure.csproj", "{3AC41576-EA9D-488E-970B-2D5195448D59}"
EndProject
Project("{9A19103F-16F7-4668-BE54-9A1E7A4F7556}") = "Order.API", "Order.API\Order.API.csproj", "{FA6D8BA2-114F-408D-BC82-8BB25DE17A06}"
EndProject
Project("{9A19103F-16F7-4668-BE54-9A1E7A4F7556}") = "Stock.Domain", "Stock.Domain\Stock.Domain.csproj", "{37FCE5FA-9A92-4565-ACB2-A4A476996304}"
EndProject
Project("{9A19103F-16F7-4668-BE54-9A1E7A4F7556}") = "Stock.Application", "Stock.Application\Stock.Application.csproj", "{21B4413C-5AEE-40F2-8933-2C8850CB925D}"
EndProject
Project("{9A19103F-16F7-4668-BE54-9A1E7A4F7556}") = "Stock.Infrastructure", "Stock.Infrastructure\Stock.Infrastructure.csproj", "{084C1358-1D24-489B-B119-D8FA67999776}"
EndProject
Project("{9A19103F-16F7-4668-BE54-9A1E7A4F7556}") = "Stock.API", "Stock.API\Stock.API.csproj", "{F4EC9D7E-FD92-46EC-8FDE-E5D17422D7AF}"
EndProject
Project("{9A19103F-16F7-4668-BE54-9A1E7A4F7556}") = "Notification.Domain", "Notification.Domain\Notification.Domain.csproj", "{233D3329-DD44-4A07-8999-9AE3CD7E1A1E}"
EndProject
Project("{9A19103F-16F7-4668-BE54-9A1E7A4F7556}") = "Notification.Application", "Notification.Application\Notification.Application.csproj", "{848A036B-759A-4A09-989C-41C9E8891B54}"
EndProject
Project("{9A19103F-16F7-4668-BE54-9A1E7A4F7556}") = "Notification.Infrastructure", "Notification.Infrastructure\Notification.Infrastructure.csproj", "{3A9A5727-4463-4D83-A93C-B52A37C9D463}"
EndProject
Project("{9A19103F-16F7-4668-BE54-9A1E7A4F7556}") = "Notification.API", "Notification.API\Notification.API.csproj", "{823C3CD4-CBEF-4858-9DBC-ACA434725C0C}"
EndProject
Project("{2150E333-8FDC-42A3-9474-1A3956D46DE8}") = "Notification", "Notification", "{11A35B03-778D-4670-9604-73327296D0ED}"
EndProject
Project("{2150E333-8FDC-42A3-9474-1A3956D46DE8}") = "Order", "Order", "{1E079CB6-7E42-44A1-93AD-11B28DBABC2D}"
EndProject
Project("{2150E333-8FDC-42A3-9474-1A3956D46DE8}") = "Stock", "Stock", "{BBF54D88-3E00-4EBB-8CBB-A1EF929295CA}"
EndProject
Project("{9A19103F-16F7-4668-BE54-9A1E7A4F7556}") = "Shared.Messages", "Shared.Messages\Shared.Messages.csproj", "{6946AC4C-8B8F-42E9-8604-A8F1D8C7B420}"
EndProject
Global
	GlobalSection(SolutionConfigurationPlatforms) = preSolution
		Debug|Any CPU = Debug|Any CPU
		Release|Any CPU = Release|Any CPU
	EndGlobalSection
	GlobalSection(ProjectConfigurationPlatforms) = postSolution
		{61967271-7DEB-4D46-A631-C0C3451003BA}.Debug|Any CPU.ActiveCfg = Debug|Any CPU
		{61967271-7DEB-4D46-A631-C0C3451003BA}.Debug|Any CPU.Build.0 = Debug|Any CPU
		{61967271-7DEB-4D46-A631-C0C3451003BA}.Release|Any CPU.ActiveCfg = Release|Any CPU
		{61967271-7DEB-4D46-A631-C0C3451003BA}.Release|Any CPU.Build.0 = Release|Any CPU
		{1672BB4B-17A2-4A78-8EB7-96A57C9612B0}.Debug|Any CPU.ActiveCfg = Debug|Any CPU
		{1672BB4B-17A2-4A78-8EB7-96A57C9612B0}.Debug|Any CPU.Build.0 = Debug|Any CPU
		{1672BB4B-17A2-4A78-8EB7-96A57C9612B0}.Release|Any CPU.ActiveCfg = Release|Any CPU
		{1672BB4B-17A2-4A78-8EB7-96A57C9612B0}.Release|Any CPU.Build.0 = Release|Any CPU
		{3AC41576-EA9D-488E-970B-2D5195448D59}.Debug|Any CPU.ActiveCfg = Debug|Any CPU
		{3AC41576-EA9D-488E-970B-2D5195448D59}.Debug|Any CPU.Build.0 = Debug|Any CPU
		{3AC41576-EA9D-488E-970B-2D5195448D59}.Release|Any CPU.ActiveCfg = Release|Any CPU
		{3AC41576-EA9D-488E-970B-2D5195448D59}.Release|Any CPU.Build.0 = Release|Any CPU
		{FA6D8BA2-114F-408D-BC82-8BB25DE17A06}.Debug|Any CPU.ActiveCfg = Debug|Any CPU
		{FA6D8BA2-114F-408D-BC82-8BB25DE17A06}.Debug|Any CPU.Build.0 = Debug|Any CPU
		{FA6D8BA2-114F-408D-BC82-8BB25DE17A06}.Release|Any CPU.ActiveCfg = Release|Any CPU
		{FA6D8BA2-114F-408D-BC82-8BB25DE17A06}.Release|Any CPU.Build.0 = Release|Any CPU
		{37FCE5FA-9A92-4565-ACB2-A4A476996304}.Debug|Any CPU.ActiveCfg = Debug|Any CPU
		{37FCE5FA-9A92-4565-ACB2-A4A476996304}.Debug|Any CPU.Build.0 = Debug|Any CPU
		{37FCE5FA-9A92-4565-ACB2-A4A476996304}.Release|Any CPU.ActiveCfg = Release|Any CPU
		{37FCE5FA-9A92-4565-ACB2-A4A476996304}.Release|Any CPU.Build.0 = Release|Any CPU
		{21B4413C-5AEE-40F2-8933-2C8850CB925D}.Debug|Any CPU.ActiveCfg = Debug|Any CPU
		{21B4413C-5AEE-40F2-8933-2C8850CB925D}.Debug|Any CPU.Build.0 = Debug|Any CPU
		{21B4413C-5AEE-40F2-8933-2C8850CB925D}.Release|Any CPU.ActiveCfg = Release|Any CPU
		{21B4413C-5AEE-40F2-8933-2C8850CB925D}.Release|Any CPU.Build.0 = Release|Any CPU
		{084C1358-1D24-489B-B119-D8FA67999776}.Debug|Any CPU.ActiveCfg = Debug|Any CPU
		{084C1358-1D24-489B-B119-D8FA67999776}.Debug|Any CPU.Build.0 = Debug|Any CPU
		{084C1358-1D24-489B-B119-D8FA67999776}.Release|Any CPU.ActiveCfg = Release|Any CPU
		{084C1358-1D24-489B-B119-D8FA67999776}.Release|Any CPU.Build.0 = Release|Any CPU
		{F4EC9D7E-FD92-46EC-8FDE-E5D17422D7AF}.Debug|Any CPU.ActiveCfg = Debug|Any CPU
		{F4EC9D7E-FD92-46EC-8FDE-E5D17422D7AF}.Debug|Any CPU.Build.0 = Debug|Any CPU
		{F4EC9D7E-FD92-46EC-8FDE-E5D17422D7AF}.Release|Any CPU.ActiveCfg = Release|Any CPU
		{F4EC9D7E-FD92-46EC-8FDE-E5D17422D7AF}.Release|Any CPU.Build.0 = Release|Any CPU
		{233D3329-DD44-4A07-8999-9AE3CD7E1A1E}.Debug|Any CPU.ActiveCfg = Debug|Any CPU
		{233D3329-DD44-4A07-8999-9AE3CD7E1A1E}.Debug|Any CPU.Build.0 = Debug|Any CPU
		{233D3329-DD44-4A07-8999-9AE3CD7E1A1E}.Release|Any CPU.ActiveCfg = Release|Any CPU
		{233D3329-DD44-4A07-8999-9AE3CD7E1A1E}.Release|Any CPU.Build.0 = Release|Any CPU
		{848A036B-759A-4A09-989C-41C9E8891B54}.Debug|Any CPU.ActiveCfg = Debug|Any CPU
		{848A036B-759A-4A09-989C-41C9E8891B54}.Debug|Any CPU.Build.0 = Debug|Any CPU
		{848A036B-759A-4A09-989C-41C9E8891B54}.Release|Any CPU.ActiveCfg = Release|Any CPU
		{848A036B-759A-4A09-989C-41C9E8891B54}.Release|Any CPU.Build.0 = Release|Any CPU
		{3A9A5727-4463-4D83-A93C-B52A37C9D463}.Debug|Any CPU.ActiveCfg = Debug|Any CPU
		{3A9A5727-4463-4D83-A93C-B52A37C9D463}.Debug|Any CPU.Build.0 = Debug|Any CPU
		{3A9A5727-4463-4D83-A93C-B52A37C9D463}.Release|Any CPU.ActiveCfg = Release|Any CPU
		{3A9A5727-4463-4D83-A93C-B52A37C9D463}.Release|Any CPU.Build.0 = Release|Any CPU
		{823C3CD4-CBEF-4858-9DBC-ACA434725C0C}.Debug|Any CPU.ActiveCfg = Debug|Any CPU
		{823C3CD4-CBEF-4858-9DBC-ACA434725C0C}.Debug|Any CPU.Build.0 = Debug|Any CPU
		{823C3CD4-CBEF-4858-9DBC-ACA434725C0C}.Release|Any CPU.ActiveCfg = Release|Any CPU
		{823C3CD4-CBEF-4858-9DBC-ACA434725C0C}.Release|Any CPU.Build.0 = Release|Any CPU
		{6946AC4C-8B8F-42E9-8604-A8F1D8C7B420}.Debug|Any CPU.ActiveCfg = Debug|Any CPU
		{6946AC4C-8B8F-42E9-8604-A8F1D8C7B420}.Debug|Any CPU.Build.0 = Debug|Any CPU
		{6946AC4C-8B8F-42E9-8604-A8F1D8C7B420}.Release|Any CPU.ActiveCfg = Release|Any CPU
		{6946AC4C-8B8F-42E9-8604-A8F1D8C7B420}.Release|Any CPU.Build.0 = Release|Any CPU
	EndGlobalSection
	GlobalSection(SolutionProperties) = preSolution
		HideSolutionNode = FALSE
	EndGlobalSection
	GlobalSection(NestedProjects) = preSolution
		{61967271-7DEB-4D46-A631-C0C3451003BA} = {1E079CB6-7E42-44A1-93AD-11B28DBABC2D}
		{1672BB4B-17A2-4A78-8EB7-96A57C9612B0} = {1E079CB6-7E42-44A1-93AD-11B28DBABC2D}
		{3AC41576-EA9D-488E-970B-2D5195448D59} = {1E079CB6-7E42-44A1-93AD-11B28DBABC2D}
		{FA6D8BA2-114F-408D-BC82-8BB25DE17A06} = {1E079CB6-7E42-44A1-93AD-11B28DBABC2D}
		{37FCE5FA-9A92-4565-ACB2-A4A476996304} = {BBF54D88-3E00-4EBB-8CBB-A1EF929295CA}
		{21B4413C-5AEE-40F2-8933-2C8850CB925D} = {BBF54D88-3E00-4EBB-8CBB-A1EF929295CA}
		{084C1358-1D24-489B-B119-D8FA67999776} = {BBF54D88-3E00-4EBB-8CBB-A1EF929295CA}
		{F4EC9D7E-FD92-46EC-8FDE-E5D17422D7AF} = {BBF54D88-3E00-4EBB-8CBB-A1EF929295CA}
		{233D3329-DD44-4A07-8999-9AE3CD7E1A1E} = {11A35B03-778D-4670-9604-73327296D0ED}
		{848A036B-759A-4A09-989C-41C9E8891B54} = {11A35B03-778D-4670-9604-73327296D0ED}
		{3A9A5727-4463-4D83-A93C-B52A37C9D463} = {11A35B03-778D-4670-9604-73327296D0ED}
		{823C3CD4-CBEF-4858-9DBC-ACA434725C0C} = {11A35B03-778D-4670-9604-73327296D0ED}
	EndGlobalSection
	GlobalSection(ExtensibilityGlobals) = postSolution
		SolutionGuid = {51760BA3-AB16-4269-B76B-D321A86DA7A8}
	EndGlobalSection
EndGlobal
